
Microsoft Visual Studio Solution File, Format Version 12.00
# Visual Studio Version 16
VisualStudioVersion = 16.0.30804.86
MinimumVisualStudioVersion = 10.0.40219.1
Project("{9A19103F-16F7-4668-BE54-9A1E7A4F7556}") = "Gomoku", "Gomuku\Gomoku.csproj", "{6F45719D-921A-40F3-ACFB-45D4FB349444}"
EndProject
Project("{9A19103F-16F7-4668-BE54-9A1E7A4F7556}") = "Gomoku.Logic", "Gomoku.Logic\Gomoku.Logic.csproj", "{F1B67C17-E145-4EE8-892A-B405452C2966}"
EndProject
Project("{9A19103F-16F7-4668-BE54-9A1E7A4F7556}") = "Gomoku.Data", "Gomoku.Data\Gomoku.Data.csproj", "{C6A63F75-8FF5-442E-9541-28B8654E178B}"
EndProject
Project("{FAE04EC0-301F-11D3-BF4B-00C04F79EFBC}") = "Gomoku.Test", "Gomoku.Test\Gomoku.Test.csproj", "{6E42B3FC-0835-4D06-94CA-DEC119AD71D3}"
EndProject
Global
	GlobalSection(SolutionConfigurationPlatforms) = preSolution
		Debug|Any CPU = Debug|Any CPU
		Release|Any CPU = Release|Any CPU
	EndGlobalSection
	GlobalSection(ProjectConfigurationPlatforms) = postSolution
		{6F45719D-921A-40F3-ACFB-45D4FB349444}.Debug|Any CPU.ActiveCfg = Debug|Any CPU
		{6F45719D-921A-40F3-ACFB-45D4FB349444}.Debug|Any CPU.Build.0 = Debug|Any CPU
		{6F45719D-921A-40F3-ACFB-45D4FB349444}.Release|Any CPU.ActiveCfg = Release|Any CPU
		{6F45719D-921A-40F3-ACFB-45D4FB349444}.Release|Any CPU.Build.0 = Release|Any CPU
		{F1B67C17-E145-4EE8-892A-B405452C2966}.Debug|Any CPU.ActiveCfg = Debug|Any CPU
		{F1B67C17-E145-4EE8-892A-B405452C2966}.Debug|Any CPU.Build.0 = Debug|Any CPU
		{F1B67C17-E145-4EE8-892A-B405452C2966}.Release|Any CPU.ActiveCfg = Release|Any CPU
		{F1B67C17-E145-4EE8-892A-B405452C2966}.Release|Any CPU.Build.0 = Release|Any CPU
		{C6A63F75-8FF5-442E-9541-28B8654E178B}.Debug|Any CPU.ActiveCfg = Debug|Any CPU
		{C6A63F75-8FF5-442E-9541-28B8654E178B}.Debug|Any CPU.Build.0 = Debug|Any CPU
		{C6A63F75-8FF5-442E-9541-28B8654E178B}.Release|Any CPU.ActiveCfg = Release|Any CPU
		{C6A63F75-8FF5-442E-9541-28B8654E178B}.Release|Any CPU.Build.0 = Release|Any CPU
		{6E42B3FC-0835-4D06-94CA-DEC119AD71D3}.Debug|Any CPU.ActiveCfg = Debug|Any CPU
		{6E42B3FC-0835-4D06-94CA-DEC119AD71D3}.Debug|Any CPU.Build.0 = Debug|Any CPU
		{6E42B3FC-0835-4D06-94CA-DEC119AD71D3}.Release|Any CPU.ActiveCfg = Release|Any CPU
		{6E42B3FC-0835-4D06-94CA-DEC119AD71D3}.Release|Any CPU.Build.0 = Release|Any CPU
	EndGlobalSection
	GlobalSection(SolutionProperties) = preSolution
		HideSolutionNode = FALSE
	EndGlobalSection
	GlobalSection(ExtensibilityGlobals) = postSolution
		SolutionGuid = {26160E9F-E194-4119-8CE2-FC6B5F510D00}
	EndGlobalSection
EndGlobal
